
Microsoft Visual Studio Solution File, Format Version 12.00
# Visual Studio 14
VisualStudioVersion = 14.0.25420.1
MinimumVisualStudioVersion = 10.0.40219.1
Project("{2150E333-8FDC-42A3-9474-1A3956D46DE8}") = "src", "src", "{4442E576-F1BB-4AE0-B848-D9B96602C7BC}"
EndProject
Project("{2150E333-8FDC-42A3-9474-1A3956D46DE8}") = "Solution Items", "Solution Items", "{82FF461F-61A9-4BE2-8305-00E2845052E6}"
	ProjectSection(SolutionItems) = preProject
		global.json = global.json
	EndProjectSection
EndProject
Project("{8BB2217D-0F2D-49D1-97BC-3654ED321F3B}") = "JobApplication.Test", "src\JobApplication.Test\JobApplication.Test.xproj", "{11FF0086-3E25-4131-9BF1-F34F8673D4BF}"
EndProject
Project("{8BB2217D-0F2D-49D1-97BC-3654ED321F3B}") = "JobApplication", "src\JobApplication\JobApplication.xproj", "{7FC34683-1AFD-45A6-90B4-30624419EBBA}"
EndProject
Project("{FAE04EC0-301F-11D3-BF4B-00C04F79EFBC}") = "JobApplicationUWP", "JobApplicationUWP\JobApplicationUWP.csproj", "{25E1D983-A71F-440D-A4BE-DE9C2D741CE8}"
EndProject
Global
	GlobalSection(SolutionConfigurationPlatforms) = preSolution
		Debug|Any CPU = Debug|Any CPU
		Debug|ARM = Debug|ARM
		Debug|x64 = Debug|x64
		Debug|x86 = Debug|x86
		Release|Any CPU = Release|Any CPU
		Release|ARM = Release|ARM
		Release|x64 = Release|x64
		Release|x86 = Release|x86
	EndGlobalSection
	GlobalSection(ProjectConfigurationPlatforms) = postSolution
		{11FF0086-3E25-4131-9BF1-F34F8673D4BF}.Debug|Any CPU.ActiveCfg = Debug|Any CPU
		{11FF0086-3E25-4131-9BF1-F34F8673D4BF}.Debug|Any CPU.Build.0 = Debug|Any CPU
		{11FF0086-3E25-4131-9BF1-F34F8673D4BF}.Debug|ARM.ActiveCfg = Debug|Any CPU
		{11FF0086-3E25-4131-9BF1-F34F8673D4BF}.Debug|ARM.Build.0 = Debug|Any CPU
		{11FF0086-3E25-4131-9BF1-F34F8673D4BF}.Debug|x64.ActiveCfg = Debug|Any CPU
		{11FF0086-3E25-4131-9BF1-F34F8673D4BF}.Debug|x64.Build.0 = Debug|Any CPU
		{11FF0086-3E25-4131-9BF1-F34F8673D4BF}.Debug|x86.ActiveCfg = Debug|Any CPU
		{11FF0086-3E25-4131-9BF1-F34F8673D4BF}.Debug|x86.Build.0 = Debug|Any CPU
		{11FF0086-3E25-4131-9BF1-F34F8673D4BF}.Release|Any CPU.ActiveCfg = Release|Any CPU
		{11FF0086-3E25-4131-9BF1-F34F8673D4BF}.Release|Any CPU.Build.0 = Release|Any CPU
		{11FF0086-3E25-4131-9BF1-F34F8673D4BF}.Release|ARM.ActiveCfg = Release|Any CPU
		{11FF0086-3E25-4131-9BF1-F34F8673D4BF}.Release|ARM.Build.0 = Release|Any CPU
		{11FF0086-3E25-4131-9BF1-F34F8673D4BF}.Release|x64.ActiveCfg = Release|Any CPU
		{11FF0086-3E25-4131-9BF1-F34F8673D4BF}.Release|x64.Build.0 = Release|Any CPU
		{11FF0086-3E25-4131-9BF1-F34F8673D4BF}.Release|x86.ActiveCfg = Release|Any CPU
		{11FF0086-3E25-4131-9BF1-F34F8673D4BF}.Release|x86.Build.0 = Release|Any CPU
		{7FC34683-1AFD-45A6-90B4-30624419EBBA}.Debug|Any CPU.ActiveCfg = Debug|Any CPU
		{7FC34683-1AFD-45A6-90B4-30624419EBBA}.Debug|Any CPU.Build.0 = Debug|Any CPU
		{7FC34683-1AFD-45A6-90B4-30624419EBBA}.Debug|ARM.ActiveCfg = Debug|Any CPU
		{7FC34683-1AFD-45A6-90B4-30624419EBBA}.Debug|ARM.Build.0 = Debug|Any CPU
		{7FC34683-1AFD-45A6-90B4-30624419EBBA}.Debug|x64.ActiveCfg = Debug|Any CPU
		{7FC34683-1AFD-45A6-90B4-30624419EBBA}.Debug|x64.Build.0 = Debug|Any CPU
		{7FC34683-1AFD-45A6-90B4-30624419EBBA}.Debug|x86.ActiveCfg = Debug|Any CPU
		{7FC34683-1AFD-45A6-90B4-30624419EBBA}.Debug|x86.Build.0 = Debug|Any CPU
		{7FC34683-1AFD-45A6-90B4-30624419EBBA}.Release|Any CPU.ActiveCfg = Release|Any CPU
		{7FC34683-1AFD-45A6-90B4-30624419EBBA}.Release|Any CPU.Build.0 = Release|Any CPU
		{7FC34683-1AFD-45A6-90B4-30624419EBBA}.Release|ARM.ActiveCfg = Release|Any CPU
		{7FC34683-1AFD-45A6-90B4-30624419EBBA}.Release|ARM.Build.0 = Release|Any CPU
		{7FC34683-1AFD-45A6-90B4-30624419EBBA}.Release|x64.ActiveCfg = Release|Any CPU
		{7FC34683-1AFD-45A6-90B4-30624419EBBA}.Release|x64.Build.0 = Release|Any CPU
		{7FC34683-1AFD-45A6-90B4-30624419EBBA}.Release|x86.ActiveCfg = Release|Any CPU
		{7FC34683-1AFD-45A6-90B4-30624419EBBA}.Release|x86.Build.0 = Release|Any CPU
		{25E1D983-A71F-440D-A4BE-DE9C2D741CE8}.Debug|Any CPU.ActiveCfg = Debug|x86
		{25E1D983-A71F-440D-A4BE-DE9C2D741CE8}.Debug|ARM.ActiveCfg = Debug|ARM
		{25E1D983-A71F-440D-A4BE-DE9C2D741CE8}.Debug|ARM.Build.0 = Debug|ARM
		{25E1D983-A71F-440D-A4BE-DE9C2D741CE8}.Debug|ARM.Deploy.0 = Debug|ARM
		{25E1D983-A71F-440D-A4BE-DE9C2D741CE8}.Debug|x64.ActiveCfg = Debug|x64
		{25E1D983-A71F-440D-A4BE-DE9C2D741CE8}.Debug|x64.Build.0 = Debug|x64
		{25E1D983-A71F-440D-A4BE-DE9C2D741CE8}.Debug|x64.Deploy.0 = Debug|x64
		{25E1D983-A71F-440D-A4BE-DE9C2D741CE8}.Debug|x86.ActiveCfg = Debug|x86
		{25E1D983-A71F-440D-A4BE-DE9C2D741CE8}.Debug|x86.Build.0 = Debug|x86
		{25E1D983-A71F-440D-A4BE-DE9C2D741CE8}.Debug|x86.Deploy.0 = Debug|x86
		{25E1D983-A71F-440D-A4BE-DE9C2D741CE8}.Release|Any CPU.ActiveCfg = Release|x86
		{25E1D983-A71F-440D-A4BE-DE9C2D741CE8}.Release|ARM.ActiveCfg = Release|ARM
		{25E1D983-A71F-440D-A4BE-DE9C2D741CE8}.Release|ARM.Build.0 = Release|ARM
		{25E1D983-A71F-440D-A4BE-DE9C2D741CE8}.Release|ARM.Deploy.0 = Release|ARM
		{25E1D983-A71F-440D-A4BE-DE9C2D741CE8}.Release|x64.ActiveCfg = Release|x64
		{25E1D983-A71F-440D-A4BE-DE9C2D741CE8}.Release|x64.Build.0 = Release|x64
		{25E1D983-A71F-440D-A4BE-DE9C2D741CE8}.Release|x64.Deploy.0 = Release|x64
		{25E1D983-A71F-440D-A4BE-DE9C2D741CE8}.Release|x86.ActiveCfg = Release|x86
		{25E1D983-A71F-440D-A4BE-DE9C2D741CE8}.Release|x86.Build.0 = Release|x86
		{25E1D983-A71F-440D-A4BE-DE9C2D741CE8}.Release|x86.Deploy.0 = Release|x86
	EndGlobalSection
	GlobalSection(SolutionProperties) = preSolution
		HideSolutionNode = FALSE
	EndGlobalSection
	GlobalSection(NestedProjects) = preSolution
		{11FF0086-3E25-4131-9BF1-F34F8673D4BF} = {4442E576-F1BB-4AE0-B848-D9B96602C7BC}
		{7FC34683-1AFD-45A6-90B4-30624419EBBA} = {4442E576-F1BB-4AE0-B848-D9B96602C7BC}
	EndGlobalSection
EndGlobal
